// !$*UTF8*$!
{
	archiveVersion = 1;
	classes = {
	};
	objectVersion = 77;
	objects = {

/* Begin PBXBuildFile section */
		2291562F2CD54D3D00F460E4 /* BFES.xcframework in Frameworks */ = {isa = PBXBuildFile; fileRef = 2291562E2CD54D3D00F460E4 /* BFES.xcframework */; };
		229156302CD54D3D00F460E4 /* BFES.xcframework in Embed Frameworks */ = {isa = PBXBuildFile; fileRef = 2291562E2CD54D3D00F460E4 /* BFES.xcframework */; settings = {ATTRIBUTES = (CodeSignOnCopy, RemoveHeadersOnCopy, ); }; };
/* End PBXBuildFile section */

/* Begin PBXContainerItemProxy section */
		22EF60902CCAFC2900F2BCDC /* PBXContainerItemProxy */ = {
			isa = PBXContainerItemProxy;
			containerPortal = 22EF60732CCAFC2800F2BCDC /* Project object */;
			proxyType = 1;
			remoteGlobalIDString = 22EF607A2CCAFC2800F2BCDC;
			remoteInfo = HelpfulHelper;
		};
		22EF609A2CCAFC2900F2BCDC /* PBXContainerItemProxy */ = {
			isa = PBXContainerItemProxy;
			containerPortal = 22EF60732CCAFC2800F2BCDC /* Project object */;
			proxyType = 1;
			remoteGlobalIDString = 22EF607A2CCAFC2800F2BCDC;
			remoteInfo = HelpfulHelper;
		};
/* End PBXContainerItemProxy section */

/* Begin PBXCopyFilesBuildPhase section */
		229156312CD54D3D00F460E4 /* Embed Frameworks */ = {
			isa = PBXCopyFilesBuildPhase;
			buildActionMask = 2147483647;
			dstPath = "";
			dstSubfolderSpec = 10;
			files = (
				229156302CD54D3D00F460E4 /* BFES.xcframework in Embed Frameworks */,
			);
			name = "Embed Frameworks";
			runOnlyForDeploymentPostprocessing = 0;
		};
/* End PBXCopyFilesBuildPhase section */

/* Begin PBXFileReference section */
		2291562E2CD54D3D00F460E4 /* BFES.xcframework */ = {isa = PBXFileReference; lastKnownFileType = wrapper.xcframework; name = BFES.xcframework; path = ../bfes/BFES.xcframework; sourceTree = "<group>"; };
		22EF607B2CCAFC2800F2BCDC /* HelpfulHelper.app */ = {isa = PBXFileReference; explicitFileType = wrapper.application; includeInIndex = 0; path = HelpfulHelper.app; sourceTree = BUILT_PRODUCTS_DIR; };
		22EF608F2CCAFC2900F2BCDC /* HelpfulHelperTests.xctest */ = {isa = PBXFileReference; explicitFileType = wrapper.cfbundle; includeInIndex = 0; path = HelpfulHelperTests.xctest; sourceTree = BUILT_PRODUCTS_DIR; };
		22EF60992CCAFC2900F2BCDC /* HelpfulHelperUITests.xctest */ = {isa = PBXFileReference; explicitFileType = wrapper.cfbundle; includeInIndex = 0; path = HelpfulHelperUITests.xctest; sourceTree = BUILT_PRODUCTS_DIR; };
/* End PBXFileReference section */

/* Begin PBXFileSystemSynchronizedBuildFileExceptionSet section */
		22EF60A12CCAFC2900F2BCDC /* Exceptions for "HelpfulHelper" folder in "HelpfulHelper" target */ = {
			isa = PBXFileSystemSynchronizedBuildFileExceptionSet;
			membershipExceptions = (
				Info.plist,
			);
			target = 22EF607A2CCAFC2800F2BCDC /* HelpfulHelper */;
		};
/* End PBXFileSystemSynchronizedBuildFileExceptionSet section */

/* Begin PBXFileSystemSynchronizedRootGroup section */
		22EF607D2CCAFC2800F2BCDC /* HelpfulHelper */ = {
			isa = PBXFileSystemSynchronizedRootGroup;
			exceptions = (
				22EF60A12CCAFC2900F2BCDC /* Exceptions for "HelpfulHelper" folder in "HelpfulHelper" target */,
			);
			path = HelpfulHelper;
			sourceTree = "<group>";
		};
		22EF60922CCAFC2900F2BCDC /* HelpfulHelperTests */ = {
			isa = PBXFileSystemSynchronizedRootGroup;
			path = HelpfulHelperTests;
			sourceTree = "<group>";
		};
		22EF609C2CCAFC2900F2BCDC /* HelpfulHelperUITests */ = {
			isa = PBXFileSystemSynchronizedRootGroup;
			path = HelpfulHelperUITests;
			sourceTree = "<group>";
		};
/* End PBXFileSystemSynchronizedRootGroup section */

/* Begin PBXFrameworksBuildPhase section */
		22EF60782CCAFC2800F2BCDC /* Frameworks */ = {
			isa = PBXFrameworksBuildPhase;
			buildActionMask = 2147483647;
			files = (
				2291562F2CD54D3D00F460E4 /* BFES.xcframework in Frameworks */,
			);
			runOnlyForDeploymentPostprocessing = 0;
		};
		22EF608C2CCAFC2900F2BCDC /* Frameworks */ = {
			isa = PBXFrameworksBuildPhase;
			buildActionMask = 2147483647;
			files = (
			);
			runOnlyForDeploymentPostprocessing = 0;
		};
		22EF60962CCAFC2900F2BCDC /* Frameworks */ = {
			isa = PBXFrameworksBuildPhase;
			buildActionMask = 2147483647;
			files = (
			);
			runOnlyForDeploymentPostprocessing = 0;
		};
/* End PBXFrameworksBuildPhase section */

/* Begin PBXGroup section */
		2291562D2CD54D3D00F460E4 /* Frameworks */ = {
			isa = PBXGroup;
			children = (
				2291562E2CD54D3D00F460E4 /* BFES.xcframework */,
			);
			name = Frameworks;
			sourceTree = "<group>";
		};
		22EF60722CCAFC2800F2BCDC = {
			isa = PBXGroup;
			children = (
				22EF607D2CCAFC2800F2BCDC /* HelpfulHelper */,
				22EF60922CCAFC2900F2BCDC /* HelpfulHelperTests */,
				22EF609C2CCAFC2900F2BCDC /* HelpfulHelperUITests */,
				2291562D2CD54D3D00F460E4 /* Frameworks */,
				22EF607C2CCAFC2800F2BCDC /* Products */,
			);
			sourceTree = "<group>";
		};
		22EF607C2CCAFC2800F2BCDC /* Products */ = {
			isa = PBXGroup;
			children = (
				22EF607B2CCAFC2800F2BCDC /* HelpfulHelper.app */,
				22EF608F2CCAFC2900F2BCDC /* HelpfulHelperTests.xctest */,
				22EF60992CCAFC2900F2BCDC /* HelpfulHelperUITests.xctest */,
			);
			name = Products;
			sourceTree = "<group>";
		};
/* End PBXGroup section */

/* Begin PBXNativeTarget section */
		22EF607A2CCAFC2800F2BCDC /* HelpfulHelper */ = {
			isa = PBXNativeTarget;
			buildConfigurationList = 22EF60A22CCAFC2900F2BCDC /* Build configuration list for PBXNativeTarget "HelpfulHelper" */;
			buildPhases = (
				22EF60772CCAFC2800F2BCDC /* Sources */,
				22EF60782CCAFC2800F2BCDC /* Frameworks */,
				22EF60792CCAFC2800F2BCDC /* Resources */,
				229156312CD54D3D00F460E4 /* Embed Frameworks */,
			);
			buildRules = (
			);
			dependencies = (
			);
			fileSystemSynchronizedGroups = (
				22EF607D2CCAFC2800F2BCDC /* HelpfulHelper */,
			);
			name = HelpfulHelper;
			packageProductDependencies = (
			);
			productName = HelpfulHelper;
			productReference = 22EF607B2CCAFC2800F2BCDC /* HelpfulHelper.app */;
			productType = "com.apple.product-type.application";
		};
		22EF608E2CCAFC2900F2BCDC /* HelpfulHelperTests */ = {
			isa = PBXNativeTarget;
			buildConfigurationList = 22EF60A72CCAFC2900F2BCDC /* Build configuration list for PBXNativeTarget "HelpfulHelperTests" */;
			buildPhases = (
				22EF608B2CCAFC2900F2BCDC /* Sources */,
				22EF608C2CCAFC2900F2BCDC /* Frameworks */,
				22EF608D2CCAFC2900F2BCDC /* Resources */,
			);
			buildRules = (
			);
			dependencies = (
				22EF60912CCAFC2900F2BCDC /* PBXTargetDependency */,
			);
			fileSystemSynchronizedGroups = (
				22EF60922CCAFC2900F2BCDC /* HelpfulHelperTests */,
			);
			name = HelpfulHelperTests;
			packageProductDependencies = (
			);
			productName = HelpfulHelperTests;
			productReference = 22EF608F2CCAFC2900F2BCDC /* HelpfulHelperTests.xctest */;
			productType = "com.apple.product-type.bundle.unit-test";
		};
		22EF60982CCAFC2900F2BCDC /* HelpfulHelperUITests */ = {
			isa = PBXNativeTarget;
			buildConfigurationList = 22EF60AA2CCAFC2900F2BCDC /* Build configuration list for PBXNativeTarget "HelpfulHelperUITests" */;
			buildPhases = (
				22EF60952CCAFC2900F2BCDC /* Sources */,
				22EF60962CCAFC2900F2BCDC /* Frameworks */,
				22EF60972CCAFC2900F2BCDC /* Resources */,
			);
			buildRules = (
			);
			dependencies = (
				22EF609B2CCAFC2900F2BCDC /* PBXTargetDependency */,
			);
			fileSystemSynchronizedGroups = (
				22EF609C2CCAFC2900F2BCDC /* HelpfulHelperUITests */,
			);
			name = HelpfulHelperUITests;
			packageProductDependencies = (
			);
			productName = HelpfulHelperUITests;
			productReference = 22EF60992CCAFC2900F2BCDC /* HelpfulHelperUITests.xctest */;
			productType = "com.apple.product-type.bundle.ui-testing";
		};
/* End PBXNativeTarget section */

/* Begin PBXProject section */
		22EF60732CCAFC2800F2BCDC /* Project object */ = {
			isa = PBXProject;
			attributes = {
				BuildIndependentTargetsInParallel = 1;
				LastSwiftUpdateCheck = 1600;
				LastUpgradeCheck = 1600;
				TargetAttributes = {
					22EF607A2CCAFC2800F2BCDC = {
						CreatedOnToolsVersion = 16.0;
					};
					22EF608E2CCAFC2900F2BCDC = {
						CreatedOnToolsVersion = 16.0;
						TestTargetID = 22EF607A2CCAFC2800F2BCDC;
					};
					22EF60982CCAFC2900F2BCDC = {
						CreatedOnToolsVersion = 16.0;
						TestTargetID = 22EF607A2CCAFC2800F2BCDC;
					};
				};
			};
			buildConfigurationList = 22EF60762CCAFC2800F2BCDC /* Build configuration list for PBXProject "HelpfulHelper" */;
			developmentRegion = en;
			hasScannedForEncodings = 0;
			knownRegions = (
				en,
				Base,
			);
			mainGroup = 22EF60722CCAFC2800F2BCDC;
			minimizedProjectReferenceProxies = 1;
			preferredProjectObjectVersion = 77;
			productRefGroup = 22EF607C2CCAFC2800F2BCDC /* Products */;
			projectDirPath = "";
			projectRoot = "";
			targets = (
				22EF607A2CCAFC2800F2BCDC /* HelpfulHelper */,
				22EF608E2CCAFC2900F2BCDC /* HelpfulHelperTests */,
				22EF60982CCAFC2900F2BCDC /* HelpfulHelperUITests */,
			);
		};
/* End PBXProject section */

/* Begin PBXResourcesBuildPhase section */
		22EF60792CCAFC2800F2BCDC /* Resources */ = {
			isa = PBXResourcesBuildPhase;
			buildActionMask = 2147483647;
			files = (
			);
			runOnlyForDeploymentPostprocessing = 0;
		};
		22EF608D2CCAFC2900F2BCDC /* Resources */ = {
			isa = PBXResourcesBuildPhase;
			buildActionMask = 2147483647;
			files = (
			);
			runOnlyForDeploymentPostprocessing = 0;
		};
		22EF60972CCAFC2900F2BCDC /* Resources */ = {
			isa = PBXResourcesBuildPhase;
			buildActionMask = 2147483647;
			files = (
			);
			runOnlyForDeploymentPostprocessing = 0;
		};
/* End PBXResourcesBuildPhase section */

/* Begin PBXSourcesBuildPhase section */
		22EF60772CCAFC2800F2BCDC /* Sources */ = {
			isa = PBXSourcesBuildPhase;
			buildActionMask = 2147483647;
			files = (
			);
			runOnlyForDeploymentPostprocessing = 0;
		};
		22EF608B2CCAFC2900F2BCDC /* Sources */ = {
			isa = PBXSourcesBuildPhase;
			buildActionMask = 2147483647;
			files = (
			);
			runOnlyForDeploymentPostprocessing = 0;
		};
		22EF60952CCAFC2900F2BCDC /* Sources */ = {
			isa = PBXSourcesBuildPhase;
			buildActionMask = 2147483647;
			files = (
			);
			runOnlyForDeploymentPostprocessing = 0;
		};
/* End PBXSourcesBuildPhase section */

/* Begin PBXTargetDependency section */
		22EF60912CCAFC2900F2BCDC /* PBXTargetDependency */ = {
			isa = PBXTargetDependency;
			target = 22EF607A2CCAFC2800F2BCDC /* HelpfulHelper */;
			targetProxy = 22EF60902CCAFC2900F2BCDC /* PBXContainerItemProxy */;
		};
		22EF609B2CCAFC2900F2BCDC /* PBXTargetDependency */ = {
			isa = PBXTargetDependency;
			target = 22EF607A2CCAFC2800F2BCDC /* HelpfulHelper */;
			targetProxy = 22EF609A2CCAFC2900F2BCDC /* PBXContainerItemProxy */;
		};
/* End PBXTargetDependency section */

/* Begin XCBuildConfiguration section */
		22EF60A32CCAFC2900F2BCDC /* Debug */ = {
			isa = XCBuildConfiguration;
			buildSettings = {
				ASSETCATALOG_COMPILER_APPICON_NAME = AppIcon;
				ASSETCATALOG_COMPILER_GLOBAL_ACCENT_COLOR_NAME = AccentColor;
				CODE_SIGN_ENTITLEMENTS = HelpfulHelper/HelpfulHelper.entitlements;
				CODE_SIGN_STYLE = Automatic;
				CURRENT_PROJECT_VERSION = 1;
				DEVELOPMENT_ASSET_PATHS = "\"HelpfulHelper/Preview Content\"";
				DEVELOPMENT_TEAM = 49Z7UCNQ36;
				ENABLE_PREVIEWS = YES;
				GENERATE_INFOPLIST_FILE = YES;
				INFOPLIST_FILE = HelpfulHelper/Info.plist;
				INFOPLIST_KEY_UIApplicationSceneManifest_Generation = YES;
				INFOPLIST_KEY_UIApplicationSupportsIndirectInputEvents = YES;
				INFOPLIST_KEY_UILaunchScreen_Generation = YES;
				INFOPLIST_KEY_UISupportedInterfaceOrientations_iPad = "UIInterfaceOrientationPortrait UIInterfaceOrientationPortraitUpsideDown UIInterfaceOrientationLandscapeLeft UIInterfaceOrientationLandscapeRight";
				INFOPLIST_KEY_UISupportedInterfaceOrientations_iPhone = "UIInterfaceOrientationPortrait UIInterfaceOrientationLandscapeLeft UIInterfaceOrientationLandscapeRight";
				LD_RUNPATH_SEARCH_PATHS = (
					"$(inherited)",
					"@executable_path/Frameworks",
				);
				MARKETING_VERSION = 1.0;
				PRODUCT_BUNDLE_IDENTIFIER = com.sampullara.HelpfulHelper;
				PRODUCT_NAME = "$(TARGET_NAME)";
				SUPPORTED_PLATFORMS = "iphoneos iphonesimulator";
				SUPPORTS_MACCATALYST = NO;
				SUPPORTS_MAC_DESIGNED_FOR_IPHONE_IPAD = YES;
				SUPPORTS_XR_DESIGNED_FOR_IPHONE_IPAD = NO;
				SWIFT_EMIT_LOC_STRINGS = YES;
				SWIFT_VERSION = 5.0;
				TARGETED_DEVICE_FAMILY = 1;
			};
			name = Debug;
		};
		22EF60A42CCAFC2900F2BCDC /* Release */ = {
			isa = XCBuildConfiguration;
			buildSettings = {
				ASSETCATALOG_COMPILER_APPICON_NAME = AppIcon;
				ASSETCATALOG_COMPILER_GLOBAL_ACCENT_COLOR_NAME = AccentColor;
				CODE_SIGN_ENTITLEMENTS = HelpfulHelper/HelpfulHelper.entitlements;
				CODE_SIGN_STYLE = Automatic;
				CURRENT_PROJECT_VERSION = 1;
				DEVELOPMENT_ASSET_PATHS = "\"HelpfulHelper/Preview Content\"";
				DEVELOPMENT_TEAM = 49Z7UCNQ36;
				ENABLE_PREVIEWS = YES;
				GENERATE_INFOPLIST_FILE = YES;
				INFOPLIST_FILE = HelpfulHelper/Info.plist;
				INFOPLIST_KEY_UIApplicationSceneManifest_Generation = YES;
				INFOPLIST_KEY_UIApplicationSupportsIndirectInputEvents = YES;
				INFOPLIST_KEY_UILaunchScreen_Generation = YES;
				INFOPLIST_KEY_UISupportedInterfaceOrientations_iPad = "UIInterfaceOrientationPortrait UIInterfaceOrientationPortraitUpsideDown UIInterfaceOrientationLandscapeLeft UIInterfaceOrientationLandscapeRight";
				INFOPLIST_KEY_UISupportedInterfaceOrientations_iPhone = "UIInterfaceOrientationPortrait UIInterfaceOrientationLandscapeLeft UIInterfaceOrientationLandscapeRight";
				LD_RUNPATH_SEARCH_PATHS = (
					"$(inherited)",
					"@executable_path/Frameworks",
				);
				MARKETING_VERSION = 1.0;
				PRODUCT_BUNDLE_IDENTIFIER = com.sampullara.HelpfulHelper;
				PRODUCT_NAME = "$(TARGET_NAME)";
				SUPPORTED_PLATFORMS = "iphoneos iphonesimulator";
				SUPPORTS_MACCATALYST = NO;
				SUPPORTS_MAC_DESIGNED_FOR_IPHONE_IPAD = YES;
				SUPPORTS_XR_DESIGNED_FOR_IPHONE_IPAD = NO;
				SWIFT_EMIT_LOC_STRINGS = YES;
				SWIFT_VERSION = 5.0;
				TARGETED_DEVICE_FAMILY = 1;
			};
			name = Release;
		};
		22EF60A52CCAFC2900F2BCDC /* Debug */ = {
			isa = XCBuildConfiguration;
			buildSettings = {
				ALWAYS_SEARCH_USER_PATHS = NO;
				ASSETCATALOG_COMPILER_GENERATE_SWIFT_ASSET_SYMBOL_EXTENSIONS = YES;
				CLANG_ANALYZER_NONNULL = YES;
				CLANG_ANALYZER_NUMBER_OBJECT_CONVERSION = YES_AGGRESSIVE;
				CLANG_CXX_LANGUAGE_STANDARD = "gnu++20";
				CLANG_ENABLE_MODULES = YES;
				CLANG_ENABLE_OBJC_ARC = YES;
				CLANG_ENABLE_OBJC_WEAK = YES;
				CLANG_WARN_BLOCK_CAPTURE_AUTORELEASING = YES;
				CLANG_WARN_BOOL_CONVERSION = YES;
				CLANG_WARN_COMMA = YES;
				CLANG_WARN_CONSTANT_CONVERSION = YES;
				CLANG_WARN_DEPRECATED_OBJC_IMPLEMENTATIONS = YES;
				CLANG_WARN_DIRECT_OBJC_ISA_USAGE = YES_ERROR;
				CLANG_WARN_DOCUMENTATION_COMMENTS = YES;
				CLANG_WARN_EMPTY_BODY = YES;
				CLANG_WARN_ENUM_CONVERSION = YES;
				CLANG_WARN_INFINITE_RECURSION = YES;
				CLANG_WARN_INT_CONVERSION = YES;
				CLANG_WARN_NON_LITERAL_NULL_CONVERSION = YES;
				CLANG_WARN_OBJC_IMPLICIT_RETAIN_SELF = YES;
				CLANG_WARN_OBJC_LITERAL_CONVERSION = YES;
				CLANG_WARN_OBJC_ROOT_CLASS = YES_ERROR;
				CLANG_WARN_QUOTED_INCLUDE_IN_FRAMEWORK_HEADER = YES;
				CLANG_WARN_RANGE_LOOP_ANALYSIS = YES;
				CLANG_WARN_STRICT_PROTOTYPES = YES;
				CLANG_WARN_SUSPICIOUS_MOVE = YES;
				CLANG_WARN_UNGUARDED_AVAILABILITY = YES_AGGRESSIVE;
				CLANG_WARN_UNREACHABLE_CODE = YES;
				CLANG_WARN__DUPLICATE_METHOD_MATCH = YES;
				COPY_PHASE_STRIP = NO;
				DEBUG_INFORMATION_FORMAT = dwarf;
				ENABLE_STRICT_OBJC_MSGSEND = YES;
				ENABLE_TESTABILITY = YES;
				ENABLE_USER_SCRIPT_SANDBOXING = YES;
				GCC_C_LANGUAGE_STANDARD = gnu17;
				GCC_DYNAMIC_NO_PIC = NO;
				GCC_NO_COMMON_BLOCKS = YES;
				GCC_OPTIMIZATION_LEVEL = 0;
				GCC_PREPROCESSOR_DEFINITIONS = (
					"DEBUG=1",
					"$(inherited)",
				);
				GCC_WARN_64_TO_32_BIT_CONVERSION = YES;
				GCC_WARN_ABOUT_RETURN_TYPE = YES_ERROR;
				GCC_WARN_UNDECLARED_SELECTOR = YES;
				GCC_WARN_UNINITIALIZED_AUTOS = YES_AGGRESSIVE;
				GCC_WARN_UNUSED_FUNCTION = YES;
				GCC_WARN_UNUSED_VARIABLE = YES;
				IPHONEOS_DEPLOYMENT_TARGET = 18.0;
				LOCALIZATION_PREFERS_STRING_CATALOGS = YES;
				MTL_ENABLE_DEBUG_INFO = INCLUDE_SOURCE;
				MTL_FAST_MATH = YES;
				ONLY_ACTIVE_ARCH = YES;
				SDKROOT = iphoneos;
				SWIFT_ACTIVE_COMPILATION_CONDITIONS = "DEBUG $(inherited)";
				SWIFT_OPTIMIZATION_LEVEL = "-Onone";
			};
			name = Debug;
		};
		22EF60A62CCAFC2900F2BCDC /* Release */ = {
			isa = XCBuildConfiguration;
			buildSettings = {
				ALWAYS_SEARCH_USER_PATHS = NO;
				ASSETCATALOG_COMPILER_GENERATE_SWIFT_ASSET_SYMBOL_EXTENSIONS = YES;
				CLANG_ANALYZER_NONNULL = YES;
				CLANG_ANALYZER_NUMBER_OBJECT_CONVERSION = YES_AGGRESSIVE;
				CLANG_CXX_LANGUAGE_STANDARD = "gnu++20";
				CLANG_ENABLE_MODULES = YES;
				CLANG_ENABLE_OBJC_ARC = YES;
				CLANG_ENABLE_OBJC_WEAK = YES;
				CLANG_WARN_BLOCK_CAPTURE_AUTORELEASING = YES;
				CLANG_WARN_BOOL_CONVERSION = YES;
				CLANG_WARN_COMMA = YES;
				CLANG_WARN_CONSTANT_CONVERSION = YES;
				CLANG_WARN_DEPRECATED_OBJC_IMPLEMENTATIONS = YES;
				CLANG_WARN_DIRECT_OBJC_ISA_USAGE = YES_ERROR;
				CLANG_WARN_DOCUMENTATION_COMMENTS = YES;
				CLANG_WARN_EMPTY_BODY = YES;
				CLANG_WARN_ENUM_CONVERSION = YES;
				CLANG_WARN_INFINITE_RECURSION = YES;
				CLANG_WARN_INT_CONVERSION = YES;
				CLANG_WARN_NON_LITERAL_NULL_CONVERSION = YES;
				CLANG_WARN_OBJC_IMPLICIT_RETAIN_SELF = YES;
				CLANG_WARN_OBJC_LITERAL_CONVERSION = YES;
				CLANG_WARN_OBJC_ROOT_CLASS = YES_ERROR;
				CLANG_WARN_QUOTED_INCLUDE_IN_FRAMEWORK_HEADER = YES;
				CLANG_WARN_RANGE_LOOP_ANALYSIS = YES;
				CLANG_WARN_STRICT_PROTOTYPES = YES;
				CLANG_WARN_SUSPICIOUS_MOVE = YES;
				CLANG_WARN_UNGUARDED_AVAILABILITY = YES_AGGRESSIVE;
				CLANG_WARN_UNREACHABLE_CODE = YES;
				CLANG_WARN__DUPLICATE_METHOD_MATCH = YES;
				COPY_PHASE_STRIP = NO;
				DEBUG_INFORMATION_FORMAT = "dwarf-with-dsym";
				ENABLE_NS_ASSERTIONS = NO;
				ENABLE_STRICT_OBJC_MSGSEND = YES;
				ENABLE_USER_SCRIPT_SANDBOXING = YES;
				GCC_C_LANGUAGE_STANDARD = gnu17;
				GCC_NO_COMMON_BLOCKS = YES;
				GCC_WARN_64_TO_32_BIT_CONVERSION = YES;
				GCC_WARN_ABOUT_RETURN_TYPE = YES_ERROR;
				GCC_WARN_UNDECLARED_SELECTOR = YES;
				GCC_WARN_UNINITIALIZED_AUTOS = YES_AGGRESSIVE;
				GCC_WARN_UNUSED_FUNCTION = YES;
				GCC_WARN_UNUSED_VARIABLE = YES;
				IPHONEOS_DEPLOYMENT_TARGET = 18.0;
				LOCALIZATION_PREFERS_STRING_CATALOGS = YES;
				MTL_ENABLE_DEBUG_INFO = NO;
				MTL_FAST_MATH = YES;
				ONLY_ACTIVE_ARCH = NO;
				SDKROOT = iphoneos;
				SWIFT_COMPILATION_MODE = wholemodule;
				VALIDATE_PRODUCT = YES;
			};
			name = Release;
		};
		22EF60A82CCAFC2900F2BCDC /* Debug */ = {
			isa = XCBuildConfiguration;
			buildSettings = {
				BUNDLE_LOADER = "$(TEST_HOST)";
				CODE_SIGN_STYLE = Automatic;
				CURRENT_PROJECT_VERSION = 1;
				DEVELOPMENT_TEAM = 49Z7UCNQ36;
				GENERATE_INFOPLIST_FILE = YES;
				IPHONEOS_DEPLOYMENT_TARGET = 18.0;
				MARKETING_VERSION = 1.0;
				PRODUCT_BUNDLE_IDENTIFIER = com.sampullara.HelpfulHelperTests;
				PRODUCT_NAME = "$(TARGET_NAME)";
				SWIFT_EMIT_LOC_STRINGS = NO;
				SWIFT_VERSION = 5.0;
				TARGETED_DEVICE_FAMILY = "1,2";
				TEST_HOST = "$(BUILT_PRODUCTS_DIR)/HelpfulHelper.app/$(BUNDLE_EXECUTABLE_FOLDER_PATH)/HelpfulHelper";
			};
			name = Debug;
		};
		22EF60A92CCAFC2900F2BCDC /* Release */ = {
			isa = XCBuildConfiguration;
			buildSettings = {
				BUNDLE_LOADER = "$(TEST_HOST)";
				CODE_SIGN_STYLE = Automatic;
				CURRENT_PROJECT_VERSION = 1;
				DEVELOPMENT_TEAM = 49Z7UCNQ36;
				GENERATE_INFOPLIST_FILE = YES;
				IPHONEOS_DEPLOYMENT_TARGET = 18.0;
				MARKETING_VERSION = 1.0;
				PRODUCT_BUNDLE_IDENTIFIER = com.sampullara.HelpfulHelperTests;
				PRODUCT_NAME = "$(TARGET_NAME)";
				SWIFT_EMIT_LOC_STRINGS = NO;
				SWIFT_VERSION = 5.0;
				TARGETED_DEVICE_FAMILY = "1,2";
				TEST_HOST = "$(BUILT_PRODUCTS_DIR)/HelpfulHelper.app/$(BUNDLE_EXECUTABLE_FOLDER_PATH)/HelpfulHelper";
			};
			name = Release;
		};
		22EF60AB2CCAFC2900F2BCDC /* Debug */ = {
			isa = XCBuildConfiguration;
			buildSettings = {
				CODE_SIGN_STYLE = Automatic;
				CURRENT_PROJECT_VERSION = 1;
				DEVELOPMENT_TEAM = 49Z7UCNQ36;
				GENERATE_INFOPLIST_FILE = YES;
				MARKETING_VERSION = 1.0;
				PRODUCT_BUNDLE_IDENTIFIER = com.sampullara.HelpfulHelperUITests;
				PRODUCT_NAME = "$(TARGET_NAME)";
				SWIFT_EMIT_LOC_STRINGS = NO;
				SWIFT_VERSION = 5.0;
				TARGETED_DEVICE_FAMILY = "1,2";
				TEST_TARGET_NAME = HelpfulHelper;
			};
			name = Debug;
		};
		22EF60AC2CCAFC2900F2BCDC /* Release */ = {
			isa = XCBuildConfiguration;
			buildSettings = {
				CODE_SIGN_STYLE = Automatic;
				CURRENT_PROJECT_VERSION = 1;
				DEVELOPMENT_TEAM = 49Z7UCNQ36;
				GENERATE_INFOPLIST_FILE = YES;
				MARKETING_VERSION = 1.0;
				PRODUCT_BUNDLE_IDENTIFIER = com.sampullara.HelpfulHelperUITests;
				PRODUCT_NAME = "$(TARGET_NAME)";
				SWIFT_EMIT_LOC_STRINGS = NO;
				SWIFT_VERSION = 5.0;
				TARGETED_DEVICE_FAMILY = "1,2";
				TEST_TARGET_NAME = HelpfulHelper;
			};
			name = Release;
		};
/* End XCBuildConfiguration section */

/* Begin XCConfigurationList section */
		22EF60762CCAFC2800F2BCDC /* Build configuration list for PBXProject "HelpfulHelper" */ = {
			isa = XCConfigurationList;
			buildConfigurations = (
				22EF60A52CCAFC2900F2BCDC /* Debug */,
				22EF60A62CCAFC2900F2BCDC /* Release */,
			);
			defaultConfigurationIsVisible = 0;
			defaultConfigurationName = Release;
		};
		22EF60A22CCAFC2900F2BCDC /* Build configuration list for PBXNativeTarget "HelpfulHelper" */ = {
			isa = XCConfigurationList;
			buildConfigurations = (
				22EF60A32CCAFC2900F2BCDC /* Debug */,
				22EF60A42CCAFC2900F2BCDC /* Release */,
			);
			defaultConfigurationIsVisible = 0;
			defaultConfigurationName = Release;
		};
		22EF60A72CCAFC2900F2BCDC /* Build configuration list for PBXNativeTarget "HelpfulHelperTests" */ = {
			isa = XCConfigurationList;
			buildConfigurations = (
				22EF60A82CCAFC2900F2BCDC /* Debug */,
				22EF60A92CCAFC2900F2BCDC /* Release */,
			);
			defaultConfigurationIsVisible = 0;
			defaultConfigurationName = Release;
		};
		22EF60AA2CCAFC2900F2BCDC /* Build configuration list for PBXNativeTarget "HelpfulHelperUITests" */ = {
			isa = XCConfigurationList;
			buildConfigurations = (
				22EF60AB2CCAFC2900F2BCDC /* Debug */,
				22EF60AC2CCAFC2900F2BCDC /* Release */,
			);
			defaultConfigurationIsVisible = 0;
			defaultConfigurationName = Release;
		};
/* End XCConfigurationList section */
	};
	rootObject = 22EF60732CCAFC2800F2BCDC /* Project object */;
}
